
Microsoft Visual Studio Solution File, Format Version 12.00
# Visual Studio Version 17
VisualStudioVersion = 17.9.34714.143
MinimumVisualStudioVersion = 10.0.40219.1
Project("{2150E333-8FDC-42A3-9474-1A3956D46DE8}") = "Solution Items", "Solution Items", "{6116AE23-F8CE-4FFE-BB8F-8A1269765120}"
	ProjectSection(SolutionItems) = preProject
		..\..\README.md = ..\..\README.md
	EndProjectSection
EndProject
Project("{9A19103F-16F7-4668-BE54-9A1E7A4F7556}") = "Exercicio01", "Exercicio01\Exercicio01.csproj", "{88B2BA2B-B59C-4D5A-B027-6840E052F5BD}"
EndProject
Project("{9A19103F-16F7-4668-BE54-9A1E7A4F7556}") = "Exercicio02", "Exercicio02\Exercicio02.csproj", "{BD90709A-10FB-4F38-A40C-08CAA41E6D6F}"
EndProject
Project("{9A19103F-16F7-4668-BE54-9A1E7A4F7556}") = "Exercicio03", "Exercicio03\Exercicio03.csproj", "{6914E8FE-29A4-45BB-8E88-AC173C85E575}"
EndProject
Project("{9A19103F-16F7-4668-BE54-9A1E7A4F7556}") = "Exercicio04", "Exercicio04\Exercicio04.csproj", "{800E4AA3-6520-40AA-B5FE-C70866836332}"
EndProject
Project("{9A19103F-16F7-4668-BE54-9A1E7A4F7556}") = "Exercicio05", "Exercicio05\Exercicio05.csproj", "{C7ADD5C4-3762-436A-B41A-ED2E96D051ED}"
EndProject
Project("{9A19103F-16F7-4668-BE54-9A1E7A4F7556}") = "Exercicio06", "Exercicio06\Exercicio06.csproj", "{19316C1D-B251-4FFA-B700-B48BB548AE61}"
EndProject
Project("{9A19103F-16F7-4668-BE54-9A1E7A4F7556}") = "Exercicio07", "Exercicio07\Exercicio07.csproj", "{F17FF7C9-4F29-48CA-AFC3-954E48727832}"
EndProject
Project("{9A19103F-16F7-4668-BE54-9A1E7A4F7556}") = "Exercicio08", "Exercicio08\Exercicio08.csproj", "{067A3DC0-7EE0-4982-8049-F0B905C934D9}"
EndProject
Project("{9A19103F-16F7-4668-BE54-9A1E7A4F7556}") = "Exercicio09", "Exercicio09\Exercicio09.csproj", "{02CC3C3E-D316-4538-996E-DCEE279BE1AB}"
EndProject
Project("{9A19103F-16F7-4668-BE54-9A1E7A4F7556}") = "Exercicio-10", "Exercicio-10\Exercicio-10.csproj", "{04F8F793-D8C4-4DA5-B2B5-42B0A81156BA}"
EndProject
Project("{9A19103F-16F7-4668-BE54-9A1E7A4F7556}") = "Exercicio-11", "Exercicio-11\Exercicio-11.csproj", "{C796AF2B-CF58-4C3E-9169-6CE56B8B5FB0}"
EndProject
Project("{9A19103F-16F7-4668-BE54-9A1E7A4F7556}") = "Exercicio-12", "Exercicio-12\Exercicio-12.csproj", "{50C3E508-6E2C-4BC8-B103-F4668DEE9D60}"
EndProject
Project("{2150E333-8FDC-42A3-9474-1A3956D46DE8}") = "Entrada, Processamento e Saida de Dados", "Entrada, Processamento e Saida de Dados", "{7D6D6235-6FAD-4718-927A-07681DEDF2F2}"
EndProject
Project("{2150E333-8FDC-42A3-9474-1A3956D46DE8}") = "Estrutura de Decisão", "Estrutura de Decisão", "{F924B1A8-6BE4-418F-AE8D-8D3D327394CC}"
EndProject
Project("{2150E333-8FDC-42A3-9474-1A3956D46DE8}") = "Estrutura de Repetição", "Estrutura de Repetição", "{F14032EB-F804-4111-86AC-C41B70C2876B}"
EndProject
Project("{9A19103F-16F7-4668-BE54-9A1E7A4F7556}") = "Exercicio-13", "Exercicio-13\Exercicio-13.csproj", "{9CB5AB1D-DD58-4BDF-BB7F-BE750EF7CE4A}"
EndProject
Project("{9A19103F-16F7-4668-BE54-9A1E7A4F7556}") = "Exercicio-14", "Exercicio-14\Exercicio-14.csproj", "{7EBF7236-77C6-42DC-AEBF-045EA3A4BB3C}"
EndProject
Project("{9A19103F-16F7-4668-BE54-9A1E7A4F7556}") = "Exercicio-15", "Exercicio-15\Exercicio-15.csproj", "{2C6271A5-1943-49B3-9236-19FB6341E0B3}"
EndProject
Project("{FAE04EC0-301F-11D3-BF4B-00C04F79EFBC}") = "Exercicio-16", "Exercicio-16\Exercicio-16.csproj", "{12A48A1C-0AF2-4FBA-AA9A-DCB5B1AAEECC}"
EndProject
Global
	GlobalSection(SolutionConfigurationPlatforms) = preSolution
		Debug|Any CPU = Debug|Any CPU
		Release|Any CPU = Release|Any CPU
	EndGlobalSection
	GlobalSection(ProjectConfigurationPlatforms) = postSolution
		{88B2BA2B-B59C-4D5A-B027-6840E052F5BD}.Debug|Any CPU.ActiveCfg = Debug|Any CPU
		{88B2BA2B-B59C-4D5A-B027-6840E052F5BD}.Debug|Any CPU.Build.0 = Debug|Any CPU
		{88B2BA2B-B59C-4D5A-B027-6840E052F5BD}.Release|Any CPU.ActiveCfg = Release|Any CPU
		{88B2BA2B-B59C-4D5A-B027-6840E052F5BD}.Release|Any CPU.Build.0 = Release|Any CPU
		{BD90709A-10FB-4F38-A40C-08CAA41E6D6F}.Debug|Any CPU.ActiveCfg = Debug|Any CPU
		{BD90709A-10FB-4F38-A40C-08CAA41E6D6F}.Debug|Any CPU.Build.0 = Debug|Any CPU
		{BD90709A-10FB-4F38-A40C-08CAA41E6D6F}.Release|Any CPU.ActiveCfg = Release|Any CPU
		{BD90709A-10FB-4F38-A40C-08CAA41E6D6F}.Release|Any CPU.Build.0 = Release|Any CPU
		{6914E8FE-29A4-45BB-8E88-AC173C85E575}.Debug|Any CPU.ActiveCfg = Debug|Any CPU
		{6914E8FE-29A4-45BB-8E88-AC173C85E575}.Debug|Any CPU.Build.0 = Debug|Any CPU
		{6914E8FE-29A4-45BB-8E88-AC173C85E575}.Release|Any CPU.ActiveCfg = Release|Any CPU
		{6914E8FE-29A4-45BB-8E88-AC173C85E575}.Release|Any CPU.Build.0 = Release|Any CPU
		{800E4AA3-6520-40AA-B5FE-C70866836332}.Debug|Any CPU.ActiveCfg = Debug|Any CPU
		{800E4AA3-6520-40AA-B5FE-C70866836332}.Debug|Any CPU.Build.0 = Debug|Any CPU
		{800E4AA3-6520-40AA-B5FE-C70866836332}.Release|Any CPU.ActiveCfg = Release|Any CPU
		{800E4AA3-6520-40AA-B5FE-C70866836332}.Release|Any CPU.Build.0 = Release|Any CPU
		{C7ADD5C4-3762-436A-B41A-ED2E96D051ED}.Debug|Any CPU.ActiveCfg = Debug|Any CPU
		{C7ADD5C4-3762-436A-B41A-ED2E96D051ED}.Debug|Any CPU.Build.0 = Debug|Any CPU
		{C7ADD5C4-3762-436A-B41A-ED2E96D051ED}.Release|Any CPU.ActiveCfg = Release|Any CPU
		{C7ADD5C4-3762-436A-B41A-ED2E96D051ED}.Release|Any CPU.Build.0 = Release|Any CPU
		{19316C1D-B251-4FFA-B700-B48BB548AE61}.Debug|Any CPU.ActiveCfg = Debug|Any CPU
		{19316C1D-B251-4FFA-B700-B48BB548AE61}.Debug|Any CPU.Build.0 = Debug|Any CPU
		{19316C1D-B251-4FFA-B700-B48BB548AE61}.Release|Any CPU.ActiveCfg = Release|Any CPU
		{19316C1D-B251-4FFA-B700-B48BB548AE61}.Release|Any CPU.Build.0 = Release|Any CPU
		{F17FF7C9-4F29-48CA-AFC3-954E48727832}.Debug|Any CPU.ActiveCfg = Debug|Any CPU
		{F17FF7C9-4F29-48CA-AFC3-954E48727832}.Debug|Any CPU.Build.0 = Debug|Any CPU
		{F17FF7C9-4F29-48CA-AFC3-954E48727832}.Release|Any CPU.ActiveCfg = Release|Any CPU
		{F17FF7C9-4F29-48CA-AFC3-954E48727832}.Release|Any CPU.Build.0 = Release|Any CPU
		{067A3DC0-7EE0-4982-8049-F0B905C934D9}.Debug|Any CPU.ActiveCfg = Debug|Any CPU
		{067A3DC0-7EE0-4982-8049-F0B905C934D9}.Debug|Any CPU.Build.0 = Debug|Any CPU
		{067A3DC0-7EE0-4982-8049-F0B905C934D9}.Release|Any CPU.ActiveCfg = Release|Any CPU
		{067A3DC0-7EE0-4982-8049-F0B905C934D9}.Release|Any CPU.Build.0 = Release|Any CPU
		{02CC3C3E-D316-4538-996E-DCEE279BE1AB}.Debug|Any CPU.ActiveCfg = Debug|Any CPU
		{02CC3C3E-D316-4538-996E-DCEE279BE1AB}.Debug|Any CPU.Build.0 = Debug|Any CPU
		{02CC3C3E-D316-4538-996E-DCEE279BE1AB}.Release|Any CPU.ActiveCfg = Release|Any CPU
		{02CC3C3E-D316-4538-996E-DCEE279BE1AB}.Release|Any CPU.Build.0 = Release|Any CPU
		{04F8F793-D8C4-4DA5-B2B5-42B0A81156BA}.Debug|Any CPU.ActiveCfg = Debug|Any CPU
		{04F8F793-D8C4-4DA5-B2B5-42B0A81156BA}.Debug|Any CPU.Build.0 = Debug|Any CPU
		{04F8F793-D8C4-4DA5-B2B5-42B0A81156BA}.Release|Any CPU.ActiveCfg = Release|Any CPU
		{04F8F793-D8C4-4DA5-B2B5-42B0A81156BA}.Release|Any CPU.Build.0 = Release|Any CPU
		{C796AF2B-CF58-4C3E-9169-6CE56B8B5FB0}.Debug|Any CPU.ActiveCfg = Debug|Any CPU
		{C796AF2B-CF58-4C3E-9169-6CE56B8B5FB0}.Debug|Any CPU.Build.0 = Debug|Any CPU
		{C796AF2B-CF58-4C3E-9169-6CE56B8B5FB0}.Release|Any CPU.ActiveCfg = Release|Any CPU
		{C796AF2B-CF58-4C3E-9169-6CE56B8B5FB0}.Release|Any CPU.Build.0 = Release|Any CPU
		{50C3E508-6E2C-4BC8-B103-F4668DEE9D60}.Debug|Any CPU.ActiveCfg = Debug|Any CPU
		{50C3E508-6E2C-4BC8-B103-F4668DEE9D60}.Debug|Any CPU.Build.0 = Debug|Any CPU
		{50C3E508-6E2C-4BC8-B103-F4668DEE9D60}.Release|Any CPU.ActiveCfg = Release|Any CPU
		{50C3E508-6E2C-4BC8-B103-F4668DEE9D60}.Release|Any CPU.Build.0 = Release|Any CPU
		{9CB5AB1D-DD58-4BDF-BB7F-BE750EF7CE4A}.Debug|Any CPU.ActiveCfg = Debug|Any CPU
		{9CB5AB1D-DD58-4BDF-BB7F-BE750EF7CE4A}.Debug|Any CPU.Build.0 = Debug|Any CPU
		{9CB5AB1D-DD58-4BDF-BB7F-BE750EF7CE4A}.Release|Any CPU.ActiveCfg = Release|Any CPU
		{9CB5AB1D-DD58-4BDF-BB7F-BE750EF7CE4A}.Release|Any CPU.Build.0 = Release|Any CPU
		{7EBF7236-77C6-42DC-AEBF-045EA3A4BB3C}.Debug|Any CPU.ActiveCfg = Debug|Any CPU
		{7EBF7236-77C6-42DC-AEBF-045EA3A4BB3C}.Debug|Any CPU.Build.0 = Debug|Any CPU
		{7EBF7236-77C6-42DC-AEBF-045EA3A4BB3C}.Release|Any CPU.ActiveCfg = Release|Any CPU
		{7EBF7236-77C6-42DC-AEBF-045EA3A4BB3C}.Release|Any CPU.Build.0 = Release|Any CPU
		{2C6271A5-1943-49B3-9236-19FB6341E0B3}.Debug|Any CPU.ActiveCfg = Debug|Any CPU
		{2C6271A5-1943-49B3-9236-19FB6341E0B3}.Debug|Any CPU.Build.0 = Debug|Any CPU
		{2C6271A5-1943-49B3-9236-19FB6341E0B3}.Release|Any CPU.ActiveCfg = Release|Any CPU
		{2C6271A5-1943-49B3-9236-19FB6341E0B3}.Release|Any CPU.Build.0 = Release|Any CPU
		{12A48A1C-0AF2-4FBA-AA9A-DCB5B1AAEECC}.Debug|Any CPU.ActiveCfg = Debug|Any CPU
		{12A48A1C-0AF2-4FBA-AA9A-DCB5B1AAEECC}.Debug|Any CPU.Build.0 = Debug|Any CPU
		{12A48A1C-0AF2-4FBA-AA9A-DCB5B1AAEECC}.Release|Any CPU.ActiveCfg = Release|Any CPU
		{12A48A1C-0AF2-4FBA-AA9A-DCB5B1AAEECC}.Release|Any CPU.Build.0 = Release|Any CPU
	EndGlobalSection
	GlobalSection(SolutionProperties) = preSolution
		HideSolutionNode = FALSE
	EndGlobalSection
	GlobalSection(NestedProjects) = preSolution
		{88B2BA2B-B59C-4D5A-B027-6840E052F5BD} = {7D6D6235-6FAD-4718-927A-07681DEDF2F2}
		{BD90709A-10FB-4F38-A40C-08CAA41E6D6F} = {7D6D6235-6FAD-4718-927A-07681DEDF2F2}
		{6914E8FE-29A4-45BB-8E88-AC173C85E575} = {7D6D6235-6FAD-4718-927A-07681DEDF2F2}
		{800E4AA3-6520-40AA-B5FE-C70866836332} = {7D6D6235-6FAD-4718-927A-07681DEDF2F2}
		{C7ADD5C4-3762-436A-B41A-ED2E96D051ED} = {7D6D6235-6FAD-4718-927A-07681DEDF2F2}
		{19316C1D-B251-4FFA-B700-B48BB548AE61} = {7D6D6235-6FAD-4718-927A-07681DEDF2F2}
		{F17FF7C9-4F29-48CA-AFC3-954E48727832} = {F924B1A8-6BE4-418F-AE8D-8D3D327394CC}
		{067A3DC0-7EE0-4982-8049-F0B905C934D9} = {F924B1A8-6BE4-418F-AE8D-8D3D327394CC}
		{02CC3C3E-D316-4538-996E-DCEE279BE1AB} = {F924B1A8-6BE4-418F-AE8D-8D3D327394CC}
		{04F8F793-D8C4-4DA5-B2B5-42B0A81156BA} = {F924B1A8-6BE4-418F-AE8D-8D3D327394CC}
		{C796AF2B-CF58-4C3E-9169-6CE56B8B5FB0} = {F924B1A8-6BE4-418F-AE8D-8D3D327394CC}
		{50C3E508-6E2C-4BC8-B103-F4668DEE9D60} = {F14032EB-F804-4111-86AC-C41B70C2876B}
		{9CB5AB1D-DD58-4BDF-BB7F-BE750EF7CE4A} = {F14032EB-F804-4111-86AC-C41B70C2876B}
		{7EBF7236-77C6-42DC-AEBF-045EA3A4BB3C} = {F14032EB-F804-4111-86AC-C41B70C2876B}
		{2C6271A5-1943-49B3-9236-19FB6341E0B3} = {F14032EB-F804-4111-86AC-C41B70C2876B}
		{12A48A1C-0AF2-4FBA-AA9A-DCB5B1AAEECC} = {F14032EB-F804-4111-86AC-C41B70C2876B}
	EndGlobalSection
	GlobalSection(ExtensibilityGlobals) = postSolution
		SolutionGuid = {065D60E2-E288-49C6-9F6D-A845D255A6EA}
	EndGlobalSection
EndGlobal
